// !$*UTF8*$!
{
	archiveVersion = 1;
	classes = {
	};
	objectVersion = 51;
	objects = {

/* Begin PBXBuildFile section */
		1A6D32D21F988A182CC64867 /* Pods_Mobile_app_dev_Project.framework in Frameworks */ = {isa = PBXBuildFile; fileRef = DE178B188FEFA0C25EEDDE81 /* Pods_Mobile_app_dev_Project.framework */; };
		541934DE257FE0C400F0921C /* ExerciseDataViewModel.swift in Sources */ = {isa = PBXBuildFile; fileRef = 541934DD257FE0C400F0921C /* ExerciseDataViewModel.swift */; };
		541934E1257FE5CF00F0921C /* ExerciseView.swift in Sources */ = {isa = PBXBuildFile; fileRef = 541934E0257FE5CF00F0921C /* ExerciseView.swift */; };
		541934E4257FF5A000F0921C /* LogViewModel.swift in Sources */ = {isa = PBXBuildFile; fileRef = 541934E3257FF5A000F0921C /* LogViewModel.swift */; };
		541DD2202573CA4300290E80 /* HomePage.swift in Sources */ = {isa = PBXBuildFile; fileRef = 541DD21F2573CA4300290E80 /* HomePage.swift */; };
		544D804E2576DA7B00A213B3 /* UserDataViewModel.swift in Sources */ = {isa = PBXBuildFile; fileRef = 544D804D2576DA7B00A213B3 /* UserDataViewModel.swift */; };
		5452D470256D864A002EEF9B /* UserDataInputView.swift in Sources */ = {isa = PBXBuildFile; fileRef = 5452D46F256D864A002EEF9B /* UserDataInputView.swift */; };
		547533DE257E675400829524 /* FoodDataViewModel.swift in Sources */ = {isa = PBXBuildFile; fileRef = 547533DD257E675300829524 /* FoodDataViewModel.swift */; };
		547533E1257E70AD00829524 /* FoodView.swift in Sources */ = {isa = PBXBuildFile; fileRef = 547533E0257E70AD00829524 /* FoodView.swift */; };
		54B7C0FF2566A57E0085B100 /* Mobile_app_dev_ProjectApp.swift in Sources */ = {isa = PBXBuildFile; fileRef = 54B7C0FE2566A57E0085B100 /* Mobile_app_dev_ProjectApp.swift */; };
		54B7C1012566A57E0085B100 /* ContentView.swift in Sources */ = {isa = PBXBuildFile; fileRef = 54B7C1002566A57E0085B100 /* ContentView.swift */; };
		54B7C1032566A5800085B100 /* Assets.xcassets in Resources */ = {isa = PBXBuildFile; fileRef = 54B7C1022566A5800085B100 /* Assets.xcassets */; };
		54B7C1062566A5800085B100 /* Preview Assets.xcassets in Resources */ = {isa = PBXBuildFile; fileRef = 54B7C1052566A5800085B100 /* Preview Assets.xcassets */; };
		54D7D7CF256958D000E60A09 /* Session.swift in Sources */ = {isa = PBXBuildFile; fileRef = 54D7D7CE256958D000E60A09 /* Session.swift */; };
		54D7D7DB256A998F00E60A09 /* WelcomePageView.swift in Sources */ = {isa = PBXBuildFile; fileRef = 54D7D7DA256A998F00E60A09 /* WelcomePageView.swift */; };
		54D7D7E5256A9EF300E60A09 /* LoginView.swift in Sources */ = {isa = PBXBuildFile; fileRef = 54D7D7E4256A9EF300E60A09 /* LoginView.swift */; };
		54D7D7E9256AA2A200E60A09 /* SignUpView.swift in Sources */ = {isa = PBXBuildFile; fileRef = 54D7D7E8256AA2A200E60A09 /* SignUpView.swift */; };
		54E6B45725692B1800076D52 /* UserData.swift in Sources */ = {isa = PBXBuildFile; fileRef = 54E6B45625692B1800076D52 /* UserData.swift */; };
		54E6B45D25692CD500076D52 /* WeightLog.swift in Sources */ = {isa = PBXBuildFile; fileRef = 54E6B45C25692CD500076D52 /* WeightLog.swift */; };
		54E6B46825692EA300076D52 /* ExerciseData.swift in Sources */ = {isa = PBXBuildFile; fileRef = 54E6B46725692EA300076D52 /* ExerciseData.swift */; };
		54E6B46B25692F1600076D52 /* FoodData.swift in Sources */ = {isa = PBXBuildFile; fileRef = 54E6B46A25692F1600076D52 /* FoodData.swift */; };
		54E6B46E25692FF800076D52 /* Log.swift in Sources */ = {isa = PBXBuildFile; fileRef = 54E6B46D25692FF800076D52 /* Log.swift */; };
		54E6B4722569455C00076D52 /* GoogleService-Info.plist in Resources */ = {isa = PBXBuildFile; fileRef = 54E6B4712569455C00076D52 /* GoogleService-Info.plist */; };
/* End PBXBuildFile section */

/* Begin PBXFileReference section */
		541934DD257FE0C400F0921C /* ExerciseDataViewModel.swift */ = {isa = PBXFileReference; lastKnownFileType = sourcecode.swift; path = ExerciseDataViewModel.swift; sourceTree = "<group>"; };
		541934E0257FE5CF00F0921C /* ExerciseView.swift */ = {isa = PBXFileReference; lastKnownFileType = sourcecode.swift; path = ExerciseView.swift; sourceTree = "<group>"; };
		541934E3257FF5A000F0921C /* LogViewModel.swift */ = {isa = PBXFileReference; lastKnownFileType = sourcecode.swift; path = LogViewModel.swift; sourceTree = "<group>"; };
		541DD21F2573CA4300290E80 /* HomePage.swift */ = {isa = PBXFileReference; lastKnownFileType = sourcecode.swift; path = HomePage.swift; sourceTree = "<group>"; };
		544D804D2576DA7B00A213B3 /* UserDataViewModel.swift */ = {isa = PBXFileReference; lastKnownFileType = sourcecode.swift; path = UserDataViewModel.swift; sourceTree = "<group>"; };
		5452D46F256D864A002EEF9B /* UserDataInputView.swift */ = {isa = PBXFileReference; lastKnownFileType = sourcecode.swift; path = UserDataInputView.swift; sourceTree = "<group>"; };
		547533DD257E675300829524 /* FoodDataViewModel.swift */ = {isa = PBXFileReference; lastKnownFileType = sourcecode.swift; path = FoodDataViewModel.swift; sourceTree = "<group>"; };
		547533E0257E70AD00829524 /* FoodView.swift */ = {isa = PBXFileReference; lastKnownFileType = sourcecode.swift; path = FoodView.swift; sourceTree = "<group>"; };
		54B7C0FB2566A57E0085B100 /* Mobile app dev Project.app */ = {isa = PBXFileReference; explicitFileType = wrapper.application; includeInIndex = 0; path = "Mobile app dev Project.app"; sourceTree = BUILT_PRODUCTS_DIR; };
		54B7C0FE2566A57E0085B100 /* Mobile_app_dev_ProjectApp.swift */ = {isa = PBXFileReference; lastKnownFileType = sourcecode.swift; path = Mobile_app_dev_ProjectApp.swift; sourceTree = "<group>"; };
		54B7C1002566A57E0085B100 /* ContentView.swift */ = {isa = PBXFileReference; lastKnownFileType = sourcecode.swift; path = ContentView.swift; sourceTree = "<group>"; };
		54B7C1022566A5800085B100 /* Assets.xcassets */ = {isa = PBXFileReference; lastKnownFileType = folder.assetcatalog; path = Assets.xcassets; sourceTree = "<group>"; };
		54B7C1052566A5800085B100 /* Preview Assets.xcassets */ = {isa = PBXFileReference; lastKnownFileType = folder.assetcatalog; path = "Preview Assets.xcassets"; sourceTree = "<group>"; };
		54B7C1072566A5800085B100 /* Info.plist */ = {isa = PBXFileReference; lastKnownFileType = text.plist.xml; path = Info.plist; sourceTree = "<group>"; };
		54D7D7CE256958D000E60A09 /* Session.swift */ = {isa = PBXFileReference; lastKnownFileType = sourcecode.swift; path = Session.swift; sourceTree = "<group>"; };
		54D7D7DA256A998F00E60A09 /* WelcomePageView.swift */ = {isa = PBXFileReference; lastKnownFileType = sourcecode.swift; path = WelcomePageView.swift; sourceTree = "<group>"; };
		54D7D7E4256A9EF300E60A09 /* LoginView.swift */ = {isa = PBXFileReference; lastKnownFileType = sourcecode.swift; path = LoginView.swift; sourceTree = "<group>"; };
		54D7D7E8256AA2A200E60A09 /* SignUpView.swift */ = {isa = PBXFileReference; lastKnownFileType = sourcecode.swift; path = SignUpView.swift; sourceTree = "<group>"; };
		54E6B45625692B1800076D52 /* UserData.swift */ = {isa = PBXFileReference; lastKnownFileType = sourcecode.swift; path = UserData.swift; sourceTree = "<group>"; };
		54E6B45C25692CD500076D52 /* WeightLog.swift */ = {isa = PBXFileReference; lastKnownFileType = sourcecode.swift; path = WeightLog.swift; sourceTree = "<group>"; };
		54E6B46725692EA300076D52 /* ExerciseData.swift */ = {isa = PBXFileReference; lastKnownFileType = sourcecode.swift; path = ExerciseData.swift; sourceTree = "<group>"; };
		54E6B46A25692F1600076D52 /* FoodData.swift */ = {isa = PBXFileReference; lastKnownFileType = sourcecode.swift; path = FoodData.swift; sourceTree = "<group>"; };
		54E6B46D25692FF800076D52 /* Log.swift */ = {isa = PBXFileReference; lastKnownFileType = sourcecode.swift; path = Log.swift; sourceTree = "<group>"; };
		54E6B4712569455C00076D52 /* GoogleService-Info.plist */ = {isa = PBXFileReference; fileEncoding = 4; lastKnownFileType = text.plist.xml; path = "GoogleService-Info.plist"; sourceTree = "<group>"; };
		6767B668E8982CC85ECB16F8 /* Pods-Mobile app dev Project.release.xcconfig */ = {isa = PBXFileReference; includeInIndex = 1; lastKnownFileType = text.xcconfig; name = "Pods-Mobile app dev Project.release.xcconfig"; path = "Target Support Files/Pods-Mobile app dev Project/Pods-Mobile app dev Project.release.xcconfig"; sourceTree = "<group>"; };
		A550C1B286B595ADB4EFC60D /* Pods-Mobile app dev Project.debug.xcconfig */ = {isa = PBXFileReference; includeInIndex = 1; lastKnownFileType = text.xcconfig; name = "Pods-Mobile app dev Project.debug.xcconfig"; path = "Target Support Files/Pods-Mobile app dev Project/Pods-Mobile app dev Project.debug.xcconfig"; sourceTree = "<group>"; };
		DE178B188FEFA0C25EEDDE81 /* Pods_Mobile_app_dev_Project.framework */ = {isa = PBXFileReference; explicitFileType = wrapper.framework; includeInIndex = 0; path = Pods_Mobile_app_dev_Project.framework; sourceTree = BUILT_PRODUCTS_DIR; };
/* End PBXFileReference section */

/* Begin PBXFrameworksBuildPhase section */
		54B7C0F82566A57E0085B100 /* Frameworks */ = {
			isa = PBXFrameworksBuildPhase;
			buildActionMask = 2147483647;
			files = (
				1A6D32D21F988A182CC64867 /* Pods_Mobile_app_dev_Project.framework in Frameworks */,
			);
			runOnlyForDeploymentPostprocessing = 0;
		};
/* End PBXFrameworksBuildPhase section */

/* Begin PBXGroup section */
		0BAC17E25153293FBBA95BD9 /* Frameworks */ = {
			isa = PBXGroup;
			children = (
				DE178B188FEFA0C25EEDDE81 /* Pods_Mobile_app_dev_Project.framework */,
			);
			name = Frameworks;
			sourceTree = "<group>";
		};
		36F5B9073B2E13CE70A5DD39 /* Pods */ = {
			isa = PBXGroup;
			children = (
				A550C1B286B595ADB4EFC60D /* Pods-Mobile app dev Project.debug.xcconfig */,
				6767B668E8982CC85ECB16F8 /* Pods-Mobile app dev Project.release.xcconfig */,
			);
			path = Pods;
			sourceTree = "<group>";
		};
		544D804C2576DA4700A213B3 /* ViewModels */ = {
			isa = PBXGroup;
			children = (
				544D804D2576DA7B00A213B3 /* UserDataViewModel.swift */,
				547533DD257E675300829524 /* FoodDataViewModel.swift */,
				541934DD257FE0C400F0921C /* ExerciseDataViewModel.swift */,
				541934E3257FF5A000F0921C /* LogViewModel.swift */,
			);
			path = ViewModels;
			sourceTree = "<group>";
		};
		54B7C0F22566A57D0085B100 = {
			isa = PBXGroup;
			children = (
				54B7C0FD2566A57E0085B100 /* Mobile app dev Project */,
				54B7C0FC2566A57E0085B100 /* Products */,
				36F5B9073B2E13CE70A5DD39 /* Pods */,
				0BAC17E25153293FBBA95BD9 /* Frameworks */,
			);
			sourceTree = "<group>";
		};
		54B7C0FC2566A57E0085B100 /* Products */ = {
			isa = PBXGroup;
			children = (
				54B7C0FB2566A57E0085B100 /* Mobile app dev Project.app */,
			);
			name = Products;
			sourceTree = "<group>";
		};
		54B7C0FD2566A57E0085B100 /* Mobile app dev Project */ = {
			isa = PBXGroup;
			children = (
				54E6B452256923F800076D52 /* Models */,
				544D804C2576DA4700A213B3 /* ViewModels */,
				54D7D7EB256AA2A600E60A09 /* Views */,
				54E6B4702569419E00076D52 /* LifeCycle */,
				54B7C1002566A57E0085B100 /* ContentView.swift */,
				54D7D7DA256A998F00E60A09 /* WelcomePageView.swift */,
				54D7D7CE256958D000E60A09 /* Session.swift */,
				54B7C1022566A5800085B100 /* Assets.xcassets */,
				54B7C1072566A5800085B100 /* Info.plist */,
				54E6B4712569455C00076D52 /* GoogleService-Info.plist */,
				54B7C1042566A5800085B100 /* Preview Content */,
			);
			path = "Mobile app dev Project";
			sourceTree = "<group>";
		};
		54B7C1042566A5800085B100 /* Preview Content */ = {
			isa = PBXGroup;
			children = (
				54B7C1052566A5800085B100 /* Preview Assets.xcassets */,
			);
			path = "Preview Content";
			sourceTree = "<group>";
		};
		54D7D7EB256AA2A600E60A09 /* Views */ = {
			isa = PBXGroup;
			children = (
				54D7D7E4256A9EF300E60A09 /* LoginView.swift */,
				54D7D7E8256AA2A200E60A09 /* SignUpView.swift */,
				5452D46F256D864A002EEF9B /* UserDataInputView.swift */,
				541DD21F2573CA4300290E80 /* HomePage.swift */,
				547533E0257E70AD00829524 /* FoodView.swift */,
				541934E0257FE5CF00F0921C /* ExerciseView.swift */,
			);
			path = Views;
			sourceTree = "<group>";
		};
		54E6B452256923F800076D52 /* Models */ = {
			isa = PBXGroup;
			children = (
				54E6B45625692B1800076D52 /* UserData.swift */,
				54E6B45C25692CD500076D52 /* WeightLog.swift */,
				54E6B46725692EA300076D52 /* ExerciseData.swift */,
				54E6B46A25692F1600076D52 /* FoodData.swift */,
				54E6B46D25692FF800076D52 /* Log.swift */,
			);
			path = Models;
			sourceTree = "<group>";
		};
		54E6B4702569419E00076D52 /* LifeCycle */ = {
			isa = PBXGroup;
			children = (
				54B7C0FE2566A57E0085B100 /* Mobile_app_dev_ProjectApp.swift */,
			);
			path = LifeCycle;
			sourceTree = "<group>";
		};
/* End PBXGroup section */

/* Begin PBXNativeTarget section */
		54B7C0FA2566A57E0085B100 /* Mobile app dev Project */ = {
			isa = PBXNativeTarget;
			buildConfigurationList = 54B7C10A2566A5800085B100 /* Build configuration list for PBXNativeTarget "Mobile app dev Project" */;
			buildPhases = (
				8815828B2389BFCAF97CB7FB /* [CP] Check Pods Manifest.lock */,
				54B7C0F72566A57E0085B100 /* Sources */,
				54B7C0F82566A57E0085B100 /* Frameworks */,
				54B7C0F92566A57E0085B100 /* Resources */,
				CF7B838141FB171523E6885F /* [CP] Embed Pods Frameworks */,
			);
			buildRules = (
			);
			dependencies = (
			);
			name = "Mobile app dev Project";
			productName = "Mobile app dev Project";
			productReference = 54B7C0FB2566A57E0085B100 /* Mobile app dev Project.app */;
			productType = "com.apple.product-type.application";
		};
/* End PBXNativeTarget section */

/* Begin PBXProject section */
		54B7C0F32566A57D0085B100 /* Project object */ = {
			isa = PBXProject;
			attributes = {
				LastSwiftUpdateCheck = 1200;
				LastUpgradeCheck = 1200;
				TargetAttributes = {
					54B7C0FA2566A57E0085B100 = {
						CreatedOnToolsVersion = 12.0.1;
					};
				};
			};
			buildConfigurationList = 54B7C0F62566A57D0085B100 /* Build configuration list for PBXProject "Mobile app dev Project" */;
			compatibilityVersion = "Xcode 9.3";
			developmentRegion = en;
			hasScannedForEncodings = 0;
			knownRegions = (
				en,
				Base,
			);
			mainGroup = 54B7C0F22566A57D0085B100;
			productRefGroup = 54B7C0FC2566A57E0085B100 /* Products */;
			projectDirPath = "";
			projectRoot = "";
			targets = (
				54B7C0FA2566A57E0085B100 /* Mobile app dev Project */,
			);
		};
/* End PBXProject section */

/* Begin PBXResourcesBuildPhase section */
		54B7C0F92566A57E0085B100 /* Resources */ = {
			isa = PBXResourcesBuildPhase;
			buildActionMask = 2147483647;
			files = (
				54B7C1062566A5800085B100 /* Preview Assets.xcassets in Resources */,
				54B7C1032566A5800085B100 /* Assets.xcassets in Resources */,
				54E6B4722569455C00076D52 /* GoogleService-Info.plist in Resources */,
			);
			runOnlyForDeploymentPostprocessing = 0;
		};
/* End PBXResourcesBuildPhase section */

/* Begin PBXShellScriptBuildPhase section */
		8815828B2389BFCAF97CB7FB /* [CP] Check Pods Manifest.lock */ = {
			isa = PBXShellScriptBuildPhase;
			buildActionMask = 2147483647;
			files = (
			);
			inputFileListPaths = (
			);
			inputPaths = (
				"${PODS_PODFILE_DIR_PATH}/Podfile.lock",
				"${PODS_ROOT}/Manifest.lock",
			);
			name = "[CP] Check Pods Manifest.lock";
			outputFileListPaths = (
			);
			outputPaths = (
				"$(DERIVED_FILE_DIR)/Pods-Mobile app dev Project-checkManifestLockResult.txt",
			);
			runOnlyForDeploymentPostprocessing = 0;
			shellPath = /bin/sh;
			shellScript = "diff \"${PODS_PODFILE_DIR_PATH}/Podfile.lock\" \"${PODS_ROOT}/Manifest.lock\" > /dev/null\nif [ $? != 0 ] ; then\n    # print error to STDERR\n    echo \"error: The sandbox is not in sync with the Podfile.lock. Run 'pod install' or update your CocoaPods installation.\" >&2\n    exit 1\nfi\n# This output is used by Xcode 'outputs' to avoid re-running this script phase.\necho \"SUCCESS\" > \"${SCRIPT_OUTPUT_FILE_0}\"\n";
			showEnvVarsInLog = 0;
		};
		CF7B838141FB171523E6885F /* [CP] Embed Pods Frameworks */ = {
			isa = PBXShellScriptBuildPhase;
			buildActionMask = 2147483647;
			files = (
			);
			inputFileListPaths = (
				"${PODS_ROOT}/Target Support Files/Pods-Mobile app dev Project/Pods-Mobile app dev Project-frameworks-${CONFIGURATION}-input-files.xcfilelist",
			);
			name = "[CP] Embed Pods Frameworks";
			outputFileListPaths = (
				"${PODS_ROOT}/Target Support Files/Pods-Mobile app dev Project/Pods-Mobile app dev Project-frameworks-${CONFIGURATION}-output-files.xcfilelist",
			);
			runOnlyForDeploymentPostprocessing = 0;
			shellPath = /bin/sh;
			shellScript = "\"${PODS_ROOT}/Target Support Files/Pods-Mobile app dev Project/Pods-Mobile app dev Project-frameworks.sh\"\n";
			showEnvVarsInLog = 0;
		};
/* End PBXShellScriptBuildPhase section */

/* Begin PBXSourcesBuildPhase section */
		54B7C0F72566A57E0085B100 /* Sources */ = {
			isa = PBXSourcesBuildPhase;
			buildActionMask = 2147483647;
			files = (
				54D7D7CF256958D000E60A09 /* Session.swift in Sources */,
				54B7C1012566A57E0085B100 /* ContentView.swift in Sources */,
				54E6B46E25692FF800076D52 /* Log.swift in Sources */,
				541934DE257FE0C400F0921C /* ExerciseDataViewModel.swift in Sources */,
				54D7D7E5256A9EF300E60A09 /* LoginView.swift in Sources */,
				541DD2202573CA4300290E80 /* HomePage.swift in Sources */,
				54B7C0FF2566A57E0085B100 /* Mobile_app_dev_ProjectApp.swift in Sources */,
				5452D470256D864A002EEF9B /* UserDataInputView.swift in Sources */,
				54E6B46B25692F1600076D52 /* FoodData.swift in Sources */,
				54E6B45725692B1800076D52 /* UserData.swift in Sources */,
				54E6B45D25692CD500076D52 /* WeightLog.swift in Sources */,
				54D7D7E9256AA2A200E60A09 /* SignUpView.swift in Sources */,
				541934E1257FE5CF00F0921C /* ExerciseView.swift in Sources */,
				541934E4257FF5A000F0921C /* LogViewModel.swift in Sources */,
				54E6B46825692EA300076D52 /* ExerciseData.swift in Sources */,
				547533E1257E70AD00829524 /* FoodView.swift in Sources */,
				547533DE257E675400829524 /* FoodDataViewModel.swift in Sources */,
				54D7D7DB256A998F00E60A09 /* WelcomePageView.swift in Sources */,
				544D804E2576DA7B00A213B3 /* UserDataViewModel.swift in Sources */,
			);
			runOnlyForDeploymentPostprocessing = 0;
		};
/* End PBXSourcesBuildPhase section */

/* Begin XCBuildConfiguration section */
		54B7C1082566A5800085B100 /* Debug */ = {
			isa = XCBuildConfiguration;
			buildSettings = {
				ALWAYS_SEARCH_USER_PATHS = NO;
				CLANG_ANALYZER_NONNULL = YES;
				CLANG_ANALYZER_NUMBER_OBJECT_CONVERSION = YES_AGGRESSIVE;
				CLANG_CXX_LANGUAGE_STANDARD = "gnu++14";
				CLANG_CXX_LIBRARY = "libc++";
				CLANG_ENABLE_MODULES = YES;
				CLANG_ENABLE_OBJC_ARC = YES;
				CLANG_ENABLE_OBJC_WEAK = YES;
				CLANG_WARN_BLOCK_CAPTURE_AUTORELEASING = YES;
				CLANG_WARN_BOOL_CONVERSION = YES;
				CLANG_WARN_COMMA = YES;
				CLANG_WARN_CONSTANT_CONVERSION = YES;
				CLANG_WARN_DEPRECATED_OBJC_IMPLEMENTATIONS = YES;
				CLANG_WARN_DIRECT_OBJC_ISA_USAGE = YES_ERROR;
				CLANG_WARN_DOCUMENTATION_COMMENTS = YES;
				CLANG_WARN_EMPTY_BODY = YES;
				CLANG_WARN_ENUM_CONVERSION = YES;
				CLANG_WARN_INFINITE_RECURSION = YES;
				CLANG_WARN_INT_CONVERSION = YES;
				CLANG_WARN_NON_LITERAL_NULL_CONVERSION = YES;
				CLANG_WARN_OBJC_IMPLICIT_RETAIN_SELF = YES;
				CLANG_WARN_OBJC_LITERAL_CONVERSION = YES;
				CLANG_WARN_OBJC_ROOT_CLASS = YES_ERROR;
				CLANG_WARN_QUOTED_INCLUDE_IN_FRAMEWORK_HEADER = YES;
				CLANG_WARN_RANGE_LOOP_ANALYSIS = YES;
				CLANG_WARN_STRICT_PROTOTYPES = YES;
				CLANG_WARN_SUSPICIOUS_MOVE = YES;
				CLANG_WARN_UNGUARDED_AVAILABILITY = YES_AGGRESSIVE;
				CLANG_WARN_UNREACHABLE_CODE = YES;
				CLANG_WARN__DUPLICATE_METHOD_MATCH = YES;
				COPY_PHASE_STRIP = NO;
				DEBUG_INFORMATION_FORMAT = dwarf;
				ENABLE_STRICT_OBJC_MSGSEND = YES;
				ENABLE_TESTABILITY = YES;
				GCC_C_LANGUAGE_STANDARD = gnu11;
				GCC_DYNAMIC_NO_PIC = NO;
				GCC_NO_COMMON_BLOCKS = YES;
				GCC_OPTIMIZATION_LEVEL = 0;
				GCC_PREPROCESSOR_DEFINITIONS = (
					"DEBUG=1",
					"$(inherited)",
				);
				GCC_WARN_64_TO_32_BIT_CONVERSION = YES;
				GCC_WARN_ABOUT_RETURN_TYPE = YES_ERROR;
				GCC_WARN_UNDECLARED_SELECTOR = YES;
				GCC_WARN_UNINITIALIZED_AUTOS = YES_AGGRESSIVE;
				GCC_WARN_UNUSED_FUNCTION = YES;
				GCC_WARN_UNUSED_VARIABLE = YES;
				IPHONEOS_DEPLOYMENT_TARGET = 14.0;
				MTL_ENABLE_DEBUG_INFO = INCLUDE_SOURCE;
				MTL_FAST_MATH = YES;
				ONLY_ACTIVE_ARCH = YES;
				SDKROOT = iphoneos;
				SWIFT_ACTIVE_COMPILATION_CONDITIONS = DEBUG;
				SWIFT_OPTIMIZATION_LEVEL = "-Onone";
			};
			name = Debug;
		};
		54B7C1092566A5800085B100 /* Release */ = {
			isa = XCBuildConfiguration;
			buildSettings = {
				ALWAYS_SEARCH_USER_PATHS = NO;
				CLANG_ANALYZER_NONNULL = YES;
				CLANG_ANALYZER_NUMBER_OBJECT_CONVERSION = YES_AGGRESSIVE;
				CLANG_CXX_LANGUAGE_STANDARD = "gnu++14";
				CLANG_CXX_LIBRARY = "libc++";
				CLANG_ENABLE_MODULES = YES;
				CLANG_ENABLE_OBJC_ARC = YES;
				CLANG_ENABLE_OBJC_WEAK = YES;
				CLANG_WARN_BLOCK_CAPTURE_AUTORELEASING = YES;
				CLANG_WARN_BOOL_CONVERSION = YES;
				CLANG_WARN_COMMA = YES;
				CLANG_WARN_CONSTANT_CONVERSION = YES;
				CLANG_WARN_DEPRECATED_OBJC_IMPLEMENTATIONS = YES;
				CLANG_WARN_DIRECT_OBJC_ISA_USAGE = YES_ERROR;
				CLANG_WARN_DOCUMENTATION_COMMENTS = YES;
				CLANG_WARN_EMPTY_BODY = YES;
				CLANG_WARN_ENUM_CONVERSION = YES;
				CLANG_WARN_INFINITE_RECURSION = YES;
				CLANG_WARN_INT_CONVERSION = YES;
				CLANG_WARN_NON_LITERAL_NULL_CONVERSION = YES;
				CLANG_WARN_OBJC_IMPLICIT_RETAIN_SELF = YES;
				CLANG_WARN_OBJC_LITERAL_CONVERSION = YES;
				CLANG_WARN_OBJC_ROOT_CLASS = YES_ERROR;
				CLANG_WARN_QUOTED_INCLUDE_IN_FRAMEWORK_HEADER = YES;
				CLANG_WARN_RANGE_LOOP_ANALYSIS = YES;
				CLANG_WARN_STRICT_PROTOTYPES = YES;
				CLANG_WARN_SUSPICIOUS_MOVE = YES;
				CLANG_WARN_UNGUARDED_AVAILABILITY = YES_AGGRESSIVE;
				CLANG_WARN_UNREACHABLE_CODE = YES;
				CLANG_WARN__DUPLICATE_METHOD_MATCH = YES;
				COPY_PHASE_STRIP = NO;
				DEBUG_INFORMATION_FORMAT = "dwarf-with-dsym";
				ENABLE_NS_ASSERTIONS = NO;
				ENABLE_STRICT_OBJC_MSGSEND = YES;
				GCC_C_LANGUAGE_STANDARD = gnu11;
				GCC_NO_COMMON_BLOCKS = YES;
				GCC_WARN_64_TO_32_BIT_CONVERSION = YES;
				GCC_WARN_ABOUT_RETURN_TYPE = YES_ERROR;
				GCC_WARN_UNDECLARED_SELECTOR = YES;
				GCC_WARN_UNINITIALIZED_AUTOS = YES_AGGRESSIVE;
				GCC_WARN_UNUSED_FUNCTION = YES;
				GCC_WARN_UNUSED_VARIABLE = YES;
				IPHONEOS_DEPLOYMENT_TARGET = 14.0;
				MTL_ENABLE_DEBUG_INFO = NO;
				MTL_FAST_MATH = YES;
				SDKROOT = iphoneos;
				SWIFT_COMPILATION_MODE = wholemodule;
				SWIFT_OPTIMIZATION_LEVEL = "-O";
				VALIDATE_PRODUCT = YES;
			};
			name = Release;
		};
		54B7C10B2566A5800085B100 /* Debug */ = {
			isa = XCBuildConfiguration;
			baseConfigurationReference = A550C1B286B595ADB4EFC60D /* Pods-Mobile app dev Project.debug.xcconfig */;
			buildSettings = {
				ASSETCATALOG_COMPILER_APPICON_NAME = AppIcon;
				ASSETCATALOG_COMPILER_GLOBAL_ACCENT_COLOR_NAME = AccentColor;
				CODE_SIGN_STYLE = Automatic;
				DEVELOPMENT_ASSET_PATHS = "\"Mobile app dev Project/Preview Content\"";
				ENABLE_PREVIEWS = YES;
				GCC_NO_COMMON_BLOCKS = NO;
				INFOPLIST_FILE = "Mobile app dev Project/Info.plist";
				IPHONEOS_DEPLOYMENT_TARGET = 14.0;
				LD_RUNPATH_SEARCH_PATHS = (
					"$(inherited)",
					"@executable_path/Frameworks",
				);
				PRODUCT_BUNDLE_IDENTIFIER = "RIT.Mobile-app-dev-Project";
				PRODUCT_NAME = "$(TARGET_NAME)";
				SWIFT_VERSION = 5.0;
				TARGETED_DEVICE_FAMILY = "1,2";
			};
			name = Debug;
		};
		54B7C10C2566A5800085B100 /* Release */ = {
			isa = XCBuildConfiguration;
			baseConfigurationReference = 6767B668E8982CC85ECB16F8 /* Pods-Mobile app dev Project.release.xcconfig */;
			buildSettings = {
				ASSETCATALOG_COMPILER_APPICON_NAME = AppIcon;
				ASSETCATALOG_COMPILER_GLOBAL_ACCENT_COLOR_NAME = AccentColor;
				CODE_SIGN_STYLE = Automatic;
				DEVELOPMENT_ASSET_PATHS = "\"Mobile app dev Project/Preview Content\"";
				ENABLE_PREVIEWS = YES;
				GCC_NO_COMMON_BLOCKS = NO;
				INFOPLIST_FILE = "Mobile app dev Project/Info.plist";
				IPHONEOS_DEPLOYMENT_TARGET = 14.0;
				LD_RUNPATH_SEARCH_PATHS = (
					"$(inherited)",
					"@executable_path/Frameworks",
				);
				PRODUCT_BUNDLE_IDENTIFIER = "RIT.Mobile-app-dev-Project";
				PRODUCT_NAME = "$(TARGET_NAME)";
				SWIFT_VERSION = 5.0;
				TARGETED_DEVICE_FAMILY = "1,2";
			};
			name = Release;
		};
/* End XCBuildConfiguration section */

/* Begin XCConfigurationList section */
		54B7C0F62566A57D0085B100 /* Build configuration list for PBXProject "Mobile app dev Project" */ = {
			isa = XCConfigurationList;
			buildConfigurations = (
				54B7C1082566A5800085B100 /* Debug */,
				54B7C1092566A5800085B100 /* Release */,
			);
			defaultConfigurationIsVisible = 0;
			defaultConfigurationName = Release;
		};
		54B7C10A2566A5800085B100 /* Build configuration list for PBXNativeTarget "Mobile app dev Project" */ = {
			isa = XCConfigurationList;
			buildConfigurations = (
				54B7C10B2566A5800085B100 /* Debug */,
				54B7C10C2566A5800085B100 /* Release */,
			);
			defaultConfigurationIsVisible = 0;
			defaultConfigurationName = Release;
		};
/* End XCConfigurationList section */
	};
	rootObject = 54B7C0F32566A57D0085B100 /* Project object */;
}
